
Microsoft Visual Studio Solution File, Format Version 12.00
# Visual Studio Version 17
VisualStudioVersion = 17.5.002.0
MinimumVisualStudioVersion = 10.0.40219.1
Project("{9A19103F-16F7-4668-BE54-9A1E7A4F7556}") = "trilha-net-azure-desafio", "trilha-net-azure-desafio.csproj", "{2F8F0A09-E4F7-4C85-BAD8-F3D5669466D2}"
EndProject
Global
	GlobalSection(SolutionConfigurationPlatforms) = preSolution
		Debug|Any CPU = Debug|Any CPU
		Release|Any CPU = Release|Any CPU
	EndGlobalSection
	GlobalSection(ProjectConfigurationPlatforms) = postSolution
		{2F8F0A09-E4F7-4C85-BAD8-F3D5669466D2}.Debug|Any CPU.ActiveCfg = Debug|Any CPU
		{2F8F0A09-E4F7-4C85-BAD8-F3D5669466D2}.Debug|Any CPU.Build.0 = Debug|Any CPU
		{2F8F0A09-E4F7-4C85-BAD8-F3D5669466D2}.Release|Any CPU.ActiveCfg = Release|Any CPU
		{2F8F0A09-E4F7-4C85-BAD8-F3D5669466D2}.Release|Any CPU.Build.0 = Release|Any CPU
	EndGlobalSection
	GlobalSection(SolutionProperties) = preSolution
		HideSolutionNode = FALSE
	EndGlobalSection
	GlobalSection(ExtensibilityGlobals) = postSolution
		SolutionGuid = {CFBDD6C0-457A-45C7-8903-A5F19BCF165F}
	EndGlobalSection
EndGlobal
